// !$*UTF8*$!
{
	archiveVersion = 1;
	classes = {
	};
	objectVersion = 56;
	objects = {

/* Begin PBXBuildFile section */
		7D7936CA2BB7672E002DE7CA /* Inter-SemiBold.ttf in Resources */ = {isa = PBXBuildFile; fileRef = 7D7936C12BB7672E002DE7CA /* Inter-SemiBold.ttf */; };
		7D7936CB2BB7672F002DE7CA /* Inter-Bold.ttf in Resources */ = {isa = PBXBuildFile; fileRef = 7D7936C22BB7672E002DE7CA /* Inter-Bold.ttf */; };
		7D7936CC2BB7672F002DE7CA /* Inter-Light.ttf in Resources */ = {isa = PBXBuildFile; fileRef = 7D7936C32BB7672E002DE7CA /* Inter-Light.ttf */; };
		7D7936CD2BB7672F002DE7CA /* Inter-ExtraLight.ttf in Resources */ = {isa = PBXBuildFile; fileRef = 7D7936C42BB7672E002DE7CA /* Inter-ExtraLight.ttf */; };
		7D7936CE2BB7672F002DE7CA /* Inter-ExtraBold.ttf in Resources */ = {isa = PBXBuildFile; fileRef = 7D7936C52BB7672E002DE7CA /* Inter-ExtraBold.ttf */; };
		7D7936CF2BB7672F002DE7CA /* Inter-Thin.ttf in Resources */ = {isa = PBXBuildFile; fileRef = 7D7936C62BB7672E002DE7CA /* Inter-Thin.ttf */; };
		7D7936D02BB7672F002DE7CA /* Inter-Medium.ttf in Resources */ = {isa = PBXBuildFile; fileRef = 7D7936C72BB7672E002DE7CA /* Inter-Medium.ttf */; };
		7D7936D12BB7672F002DE7CA /* Inter-Black.ttf in Resources */ = {isa = PBXBuildFile; fileRef = 7D7936C82BB7672E002DE7CA /* Inter-Black.ttf */; };
		7D7936D22BB7672F002DE7CA /* Inter-Regular.ttf in Resources */ = {isa = PBXBuildFile; fileRef = 7D7936C92BB7672E002DE7CA /* Inter-Regular.ttf */; };
		7D7936D42BB775F9002DE7CA /* LoadingView.swift in Sources */ = {isa = PBXBuildFile; fileRef = 7D7936D32BB775F9002DE7CA /* LoadingView.swift */; };
		7D7936D72BB77BCB002DE7CA /* Honk-Regular.ttf in Resources */ = {isa = PBXBuildFile; fileRef = 7D7936D62BB77BCB002DE7CA /* Honk-Regular.ttf */; };
		7D7936DA2BB77D46002DE7CA /* BungeeSpice-Regular.ttf in Resources */ = {isa = PBXBuildFile; fileRef = 7D7936D92BB77D46002DE7CA /* BungeeSpice-Regular.ttf */; };
		7D7936DD2BB7851C002DE7CA /* MenuView.swift in Sources */ = {isa = PBXBuildFile; fileRef = 7D7936DC2BB7851C002DE7CA /* MenuView.swift */; };
		7D7936E12BB78996002DE7CA /* MultiroundPro.otf in Resources */ = {isa = PBXBuildFile; fileRef = 7D7936E02BB78996002DE7CA /* MultiroundPro.otf */; };
		7D7936E52BB78A93002DE7CA /* NotificationsView.swift in Sources */ = {isa = PBXBuildFile; fileRef = 7D7936E42BB78A93002DE7CA /* NotificationsView.swift */; };
		7DA1B5CC2BB71E5100D54A41 /* Color_Lines_ChampionApp.swift in Sources */ = {isa = PBXBuildFile; fileRef = 7DA1B5CB2BB71E5100D54A41 /* Color_Lines_ChampionApp.swift */; };
		7DA1B5D02BB71E5300D54A41 /* Assets.xcassets in Resources */ = {isa = PBXBuildFile; fileRef = 7DA1B5CF2BB71E5300D54A41 /* Assets.xcassets */; };
		7DA1B5D32BB71E5300D54A41 /* Preview Assets.xcassets in Resources */ = {isa = PBXBuildFile; fileRef = 7DA1B5D22BB71E5300D54A41 /* Preview Assets.xcassets */; };
/* End PBXBuildFile section */

/* Begin PBXFileReference section */
		7D7936B92BB76228002DE7CA /* Color-Lines-Champion-Info.plist */ = {isa = PBXFileReference; fileEncoding = 4; lastKnownFileType = text.plist.xml; path = "Color-Lines-Champion-Info.plist"; sourceTree = "<group>"; };
		7D7936C12BB7672E002DE7CA /* Inter-SemiBold.ttf */ = {isa = PBXFileReference; lastKnownFileType = file; path = "Inter-SemiBold.ttf"; sourceTree = "<group>"; };
		7D7936C22BB7672E002DE7CA /* Inter-Bold.ttf */ = {isa = PBXFileReference; lastKnownFileType = file; path = "Inter-Bold.ttf"; sourceTree = "<group>"; };
		7D7936C32BB7672E002DE7CA /* Inter-Light.ttf */ = {isa = PBXFileReference; lastKnownFileType = file; path = "Inter-Light.ttf"; sourceTree = "<group>"; };
		7D7936C42BB7672E002DE7CA /* Inter-ExtraLight.ttf */ = {isa = PBXFileReference; lastKnownFileType = file; path = "Inter-ExtraLight.ttf"; sourceTree = "<group>"; };
		7D7936C52BB7672E002DE7CA /* Inter-ExtraBold.ttf */ = {isa = PBXFileReference; lastKnownFileType = file; path = "Inter-ExtraBold.ttf"; sourceTree = "<group>"; };
		7D7936C62BB7672E002DE7CA /* Inter-Thin.ttf */ = {isa = PBXFileReference; lastKnownFileType = file; path = "Inter-Thin.ttf"; sourceTree = "<group>"; };
		7D7936C72BB7672E002DE7CA /* Inter-Medium.ttf */ = {isa = PBXFileReference; lastKnownFileType = file; path = "Inter-Medium.ttf"; sourceTree = "<group>"; };
		7D7936C82BB7672E002DE7CA /* Inter-Black.ttf */ = {isa = PBXFileReference; lastKnownFileType = file; path = "Inter-Black.ttf"; sourceTree = "<group>"; };
		7D7936C92BB7672E002DE7CA /* Inter-Regular.ttf */ = {isa = PBXFileReference; lastKnownFileType = file; path = "Inter-Regular.ttf"; sourceTree = "<group>"; };
		7D7936D32BB775F9002DE7CA /* LoadingView.swift */ = {isa = PBXFileReference; lastKnownFileType = sourcecode.swift; path = LoadingView.swift; sourceTree = "<group>"; };
		7D7936D62BB77BCB002DE7CA /* Honk-Regular.ttf */ = {isa = PBXFileReference; lastKnownFileType = file; path = "Honk-Regular.ttf"; sourceTree = "<group>"; };
		7D7936D92BB77D46002DE7CA /* BungeeSpice-Regular.ttf */ = {isa = PBXFileReference; lastKnownFileType = file; path = "BungeeSpice-Regular.ttf"; sourceTree = "<group>"; };
		7D7936DC2BB7851C002DE7CA /* MenuView.swift */ = {isa = PBXFileReference; lastKnownFileType = sourcecode.swift; path = MenuView.swift; sourceTree = "<group>"; };
		7D7936E02BB78996002DE7CA /* MultiroundPro.otf */ = {isa = PBXFileReference; lastKnownFileType = file; path = MultiroundPro.otf; sourceTree = "<group>"; };
		7D7936E42BB78A93002DE7CA /* NotificationsView.swift */ = {isa = PBXFileReference; lastKnownFileType = sourcecode.swift; path = NotificationsView.swift; sourceTree = "<group>"; };
		7DA1B5C82BB71E5100D54A41 /* Color Lines Champion.app */ = {isa = PBXFileReference; explicitFileType = wrapper.application; includeInIndex = 0; path = "Color Lines Champion.app"; sourceTree = BUILT_PRODUCTS_DIR; };
		7DA1B5CB2BB71E5100D54A41 /* Color_Lines_ChampionApp.swift */ = {isa = PBXFileReference; lastKnownFileType = sourcecode.swift; path = Color_Lines_ChampionApp.swift; sourceTree = "<group>"; };
		7DA1B5CF2BB71E5300D54A41 /* Assets.xcassets */ = {isa = PBXFileReference; lastKnownFileType = folder.assetcatalog; path = Assets.xcassets; sourceTree = "<group>"; };
		7DA1B5D22BB71E5300D54A41 /* Preview Assets.xcassets */ = {isa = PBXFileReference; lastKnownFileType = folder.assetcatalog; path = "Preview Assets.xcassets"; sourceTree = "<group>"; };
/* End PBXFileReference section */

/* Begin PBXFrameworksBuildPhase section */
		7DA1B5C52BB71E5100D54A41 /* Frameworks */ = {
			isa = PBXFrameworksBuildPhase;
			buildActionMask = 2147483647;
			files = (
			);
			runOnlyForDeploymentPostprocessing = 0;
		};
/* End PBXFrameworksBuildPhase section */

/* Begin PBXGroup section */
		7D7936BF2BB76653002DE7CA /* Fonts */ = {
			isa = PBXGroup;
			children = (
				7D7936DF2BB788BC002DE7CA /* Multiround Pro */,
				7D7936D82BB77D3D002DE7CA /* BungeeSpice */,
				7D7936D52BB77BBA002DE7CA /* Honk */,
				7D7936C02BB7671F002DE7CA /* Inter */,
			);
			path = Fonts;
			sourceTree = "<group>";
		};
		7D7936C02BB7671F002DE7CA /* Inter */ = {
			isa = PBXGroup;
			children = (
				7D7936C82BB7672E002DE7CA /* Inter-Black.ttf */,
				7D7936C22BB7672E002DE7CA /* Inter-Bold.ttf */,
				7D7936C52BB7672E002DE7CA /* Inter-ExtraBold.ttf */,
				7D7936C42BB7672E002DE7CA /* Inter-ExtraLight.ttf */,
				7D7936C32BB7672E002DE7CA /* Inter-Light.ttf */,
				7D7936C72BB7672E002DE7CA /* Inter-Medium.ttf */,
				7D7936C92BB7672E002DE7CA /* Inter-Regular.ttf */,
				7D7936C12BB7672E002DE7CA /* Inter-SemiBold.ttf */,
				7D7936C62BB7672E002DE7CA /* Inter-Thin.ttf */,
			);
			path = Inter;
			sourceTree = "<group>";
		};
		7D7936D52BB77BBA002DE7CA /* Honk */ = {
			isa = PBXGroup;
			children = (
				7D7936D62BB77BCB002DE7CA /* Honk-Regular.ttf */,
			);
			path = Honk;
			sourceTree = "<group>";
		};
		7D7936D82BB77D3D002DE7CA /* BungeeSpice */ = {
			isa = PBXGroup;
			children = (
				7D7936D92BB77D46002DE7CA /* BungeeSpice-Regular.ttf */,
			);
			path = BungeeSpice;
			sourceTree = "<group>";
		};
		7D7936DB2BB78506002DE7CA /* Views */ = {
			isa = PBXGroup;
			children = (
				7D7936E42BB78A93002DE7CA /* NotificationsView.swift */,
				7D7936D32BB775F9002DE7CA /* LoadingView.swift */,
				7D7936DC2BB7851C002DE7CA /* MenuView.swift */,
			);
			path = Views;
			sourceTree = "<group>";
		};
		7D7936DF2BB788BC002DE7CA /* Multiround Pro */ = {
			isa = PBXGroup;
			children = (
				7D7936E02BB78996002DE7CA /* MultiroundPro.otf */,
			);
			path = "Multiround Pro";
			sourceTree = "<group>";
		};
		7DA1B5BF2BB71E5100D54A41 = {
			isa = PBXGroup;
			children = (
				7D7936B92BB76228002DE7CA /* Color-Lines-Champion-Info.plist */,
				7DA1B5CA2BB71E5100D54A41 /* Color Lines Champion */,
				7DA1B5C92BB71E5100D54A41 /* Products */,
			);
			sourceTree = "<group>";
		};
		7DA1B5C92BB71E5100D54A41 /* Products */ = {
			isa = PBXGroup;
			children = (
				7DA1B5C82BB71E5100D54A41 /* Color Lines Champion.app */,
			);
			name = Products;
			sourceTree = "<group>";
		};
		7DA1B5CA2BB71E5100D54A41 /* Color Lines Champion */ = {
			isa = PBXGroup;
			children = (
				7DA1B5CB2BB71E5100D54A41 /* Color_Lines_ChampionApp.swift */,
				7D7936DB2BB78506002DE7CA /* Views */,
				7D7936BF2BB76653002DE7CA /* Fonts */,
				7DA1B5CF2BB71E5300D54A41 /* Assets.xcassets */,
				7DA1B5D12BB71E5300D54A41 /* Preview Content */,
			);
			path = "Color Lines Champion";
			sourceTree = "<group>";
		};
		7DA1B5D12BB71E5300D54A41 /* Preview Content */ = {
			isa = PBXGroup;
			children = (
				7DA1B5D22BB71E5300D54A41 /* Preview Assets.xcassets */,
			);
			path = "Preview Content";
			sourceTree = "<group>";
		};
/* End PBXGroup section */

/* Begin PBXNativeTarget section */
		7DA1B5C72BB71E5100D54A41 /* Color Lines Champion */ = {
			isa = PBXNativeTarget;
			buildConfigurationList = 7DA1B5D62BB71E5300D54A41 /* Build configuration list for PBXNativeTarget "Color Lines Champion" */;
			buildPhases = (
				7DA1B5C42BB71E5100D54A41 /* Sources */,
				7DA1B5C52BB71E5100D54A41 /* Frameworks */,
				7DA1B5C62BB71E5100D54A41 /* Resources */,
			);
			buildRules = (
			);
			dependencies = (
			);
			name = "Color Lines Champion";
			productName = "Color Lines Champion";
			productReference = 7DA1B5C82BB71E5100D54A41 /* Color Lines Champion.app */;
			productType = "com.apple.product-type.application";
		};
/* End PBXNativeTarget section */

/* Begin PBXProject section */
		7DA1B5C02BB71E5100D54A41 /* Project object */ = {
			isa = PBXProject;
			attributes = {
				BuildIndependentTargetsInParallel = 1;
				LastSwiftUpdateCheck = 1520;
				LastUpgradeCheck = 1520;
				TargetAttributes = {
					7DA1B5C72BB71E5100D54A41 = {
						CreatedOnToolsVersion = 15.2;
					};
				};
			};
			buildConfigurationList = 7DA1B5C32BB71E5100D54A41 /* Build configuration list for PBXProject "Color Lines Champion" */;
			compatibilityVersion = "Xcode 14.0";
			developmentRegion = en;
			hasScannedForEncodings = 0;
			knownRegions = (
				en,
				Base,
			);
			mainGroup = 7DA1B5BF2BB71E5100D54A41;
			productRefGroup = 7DA1B5C92BB71E5100D54A41 /* Products */;
			projectDirPath = "";
			projectRoot = "";
			targets = (
				7DA1B5C72BB71E5100D54A41 /* Color Lines Champion */,
			);
		};
/* End PBXProject section */

/* Begin PBXResourcesBuildPhase section */
		7DA1B5C62BB71E5100D54A41 /* Resources */ = {
			isa = PBXResourcesBuildPhase;
			buildActionMask = 2147483647;
			files = (
				7D7936CB2BB7672F002DE7CA /* Inter-Bold.ttf in Resources */,
				7D7936CE2BB7672F002DE7CA /* Inter-ExtraBold.ttf in Resources */,
				7D7936CD2BB7672F002DE7CA /* Inter-ExtraLight.ttf in Resources */,
				7DA1B5D32BB71E5300D54A41 /* Preview Assets.xcassets in Resources */,
				7D7936CA2BB7672E002DE7CA /* Inter-SemiBold.ttf in Resources */,
				7D7936D12BB7672F002DE7CA /* Inter-Black.ttf in Resources */,
				7D7936D72BB77BCB002DE7CA /* Honk-Regular.ttf in Resources */,
				7D7936D22BB7672F002DE7CA /* Inter-Regular.ttf in Resources */,
				7DA1B5D02BB71E5300D54A41 /* Assets.xcassets in Resources */,
				7D7936DA2BB77D46002DE7CA /* BungeeSpice-Regular.ttf in Resources */,
				7D7936CF2BB7672F002DE7CA /* Inter-Thin.ttf in Resources */,
				7D7936D02BB7672F002DE7CA /* Inter-Medium.ttf in Resources */,
				7D7936E12BB78996002DE7CA /* MultiroundPro.otf in Resources */,
				7D7936CC2BB7672F002DE7CA /* Inter-Light.ttf in Resources */,
			);
			runOnlyForDeploymentPostprocessing = 0;
		};
/* End PBXResourcesBuildPhase section */

/* Begin PBXSourcesBuildPhase section */
		7DA1B5C42BB71E5100D54A41 /* Sources */ = {
			isa = PBXSourcesBuildPhase;
			buildActionMask = 2147483647;
			files = (
				7D7936DD2BB7851C002DE7CA /* MenuView.swift in Sources */,
				7D7936E52BB78A93002DE7CA /* NotificationsView.swift in Sources */,
				7DA1B5CC2BB71E5100D54A41 /* Color_Lines_ChampionApp.swift in Sources */,
				7D7936D42BB775F9002DE7CA /* LoadingView.swift in Sources */,
			);
			runOnlyForDeploymentPostprocessing = 0;
		};
/* End PBXSourcesBuildPhase section */

/* Begin XCBuildConfiguration section */
		7DA1B5D42BB71E5300D54A41 /* Debug */ = {
			isa = XCBuildConfiguration;
			buildSettings = {
				ALWAYS_SEARCH_USER_PATHS = NO;
				ASSETCATALOG_COMPILER_GENERATE_SWIFT_ASSET_SYMBOL_EXTENSIONS = YES;
				CLANG_ANALYZER_NONNULL = YES;
				CLANG_ANALYZER_NUMBER_OBJECT_CONVERSION = YES_AGGRESSIVE;
				CLANG_CXX_LANGUAGE_STANDARD = "gnu++20";
				CLANG_ENABLE_MODULES = YES;
				CLANG_ENABLE_OBJC_ARC = YES;
				CLANG_ENABLE_OBJC_WEAK = YES;
				CLANG_WARN_BLOCK_CAPTURE_AUTORELEASING = YES;
				CLANG_WARN_BOOL_CONVERSION = YES;
				CLANG_WARN_COMMA = YES;
				CLANG_WARN_CONSTANT_CONVERSION = YES;
				CLANG_WARN_DEPRECATED_OBJC_IMPLEMENTATIONS = YES;
				CLANG_WARN_DIRECT_OBJC_ISA_USAGE = YES_ERROR;
				CLANG_WARN_DOCUMENTATION_COMMENTS = YES;
				CLANG_WARN_EMPTY_BODY = YES;
				CLANG_WARN_ENUM_CONVERSION = YES;
				CLANG_WARN_INFINITE_RECURSION = YES;
				CLANG_WARN_INT_CONVERSION = YES;
				CLANG_WARN_NON_LITERAL_NULL_CONVERSION = YES;
				CLANG_WARN_OBJC_IMPLICIT_RETAIN_SELF = YES;
				CLANG_WARN_OBJC_LITERAL_CONVERSION = YES;
				CLANG_WARN_OBJC_ROOT_CLASS = YES_ERROR;
				CLANG_WARN_QUOTED_INCLUDE_IN_FRAMEWORK_HEADER = YES;
				CLANG_WARN_RANGE_LOOP_ANALYSIS = YES;
				CLANG_WARN_STRICT_PROTOTYPES = YES;
				CLANG_WARN_SUSPICIOUS_MOVE = YES;
				CLANG_WARN_UNGUARDED_AVAILABILITY = YES_AGGRESSIVE;
				CLANG_WARN_UNREACHABLE_CODE = YES;
				CLANG_WARN__DUPLICATE_METHOD_MATCH = YES;
				COPY_PHASE_STRIP = NO;
				DEBUG_INFORMATION_FORMAT = dwarf;
				ENABLE_STRICT_OBJC_MSGSEND = YES;
				ENABLE_TESTABILITY = YES;
				ENABLE_USER_SCRIPT_SANDBOXING = YES;
				GCC_C_LANGUAGE_STANDARD = gnu17;
				GCC_DYNAMIC_NO_PIC = NO;
				GCC_NO_COMMON_BLOCKS = YES;
				GCC_OPTIMIZATION_LEVEL = 0;
				GCC_PREPROCESSOR_DEFINITIONS = (
					"DEBUG=1",
					"$(inherited)",
				);
				GCC_WARN_64_TO_32_BIT_CONVERSION = YES;
				GCC_WARN_ABOUT_RETURN_TYPE = YES_ERROR;
				GCC_WARN_UNDECLARED_SELECTOR = YES;
				GCC_WARN_UNINITIALIZED_AUTOS = YES_AGGRESSIVE;
				GCC_WARN_UNUSED_FUNCTION = YES;
				GCC_WARN_UNUSED_VARIABLE = YES;
				IPHONEOS_DEPLOYMENT_TARGET = 17.2;
				LOCALIZATION_PREFERS_STRING_CATALOGS = YES;
				MTL_ENABLE_DEBUG_INFO = INCLUDE_SOURCE;
				MTL_FAST_MATH = YES;
				ONLY_ACTIVE_ARCH = YES;
				SDKROOT = iphoneos;
				SWIFT_ACTIVE_COMPILATION_CONDITIONS = "DEBUG $(inherited)";
				SWIFT_OPTIMIZATION_LEVEL = "-Onone";
			};
			name = Debug;
		};
		7DA1B5D52BB71E5300D54A41 /* Release */ = {
			isa = XCBuildConfiguration;
			buildSettings = {
				ALWAYS_SEARCH_USER_PATHS = NO;
				ASSETCATALOG_COMPILER_GENERATE_SWIFT_ASSET_SYMBOL_EXTENSIONS = YES;
				CLANG_ANALYZER_NONNULL = YES;
				CLANG_ANALYZER_NUMBER_OBJECT_CONVERSION = YES_AGGRESSIVE;
				CLANG_CXX_LANGUAGE_STANDARD = "gnu++20";
				CLANG_ENABLE_MODULES = YES;
				CLANG_ENABLE_OBJC_ARC = YES;
				CLANG_ENABLE_OBJC_WEAK = YES;
				CLANG_WARN_BLOCK_CAPTURE_AUTORELEASING = YES;
				CLANG_WARN_BOOL_CONVERSION = YES;
				CLANG_WARN_COMMA = YES;
				CLANG_WARN_CONSTANT_CONVERSION = YES;
				CLANG_WARN_DEPRECATED_OBJC_IMPLEMENTATIONS = YES;
				CLANG_WARN_DIRECT_OBJC_ISA_USAGE = YES_ERROR;
				CLANG_WARN_DOCUMENTATION_COMMENTS = YES;
				CLANG_WARN_EMPTY_BODY = YES;
				CLANG_WARN_ENUM_CONVERSION = YES;
				CLANG_WARN_INFINITE_RECURSION = YES;
				CLANG_WARN_INT_CONVERSION = YES;
				CLANG_WARN_NON_LITERAL_NULL_CONVERSION = YES;
				CLANG_WARN_OBJC_IMPLICIT_RETAIN_SELF = YES;
				CLANG_WARN_OBJC_LITERAL_CONVERSION = YES;
				CLANG_WARN_OBJC_ROOT_CLASS = YES_ERROR;
				CLANG_WARN_QUOTED_INCLUDE_IN_FRAMEWORK_HEADER = YES;
				CLANG_WARN_RANGE_LOOP_ANALYSIS = YES;
				CLANG_WARN_STRICT_PROTOTYPES = YES;
				CLANG_WARN_SUSPICIOUS_MOVE = YES;
				CLANG_WARN_UNGUARDED_AVAILABILITY = YES_AGGRESSIVE;
				CLANG_WARN_UNREACHABLE_CODE = YES;
				CLANG_WARN__DUPLICATE_METHOD_MATCH = YES;
				COPY_PHASE_STRIP = NO;
				DEBUG_INFORMATION_FORMAT = "dwarf-with-dsym";
				ENABLE_NS_ASSERTIONS = NO;
				ENABLE_STRICT_OBJC_MSGSEND = YES;
				ENABLE_USER_SCRIPT_SANDBOXING = YES;
				GCC_C_LANGUAGE_STANDARD = gnu17;
				GCC_NO_COMMON_BLOCKS = YES;
				GCC_WARN_64_TO_32_BIT_CONVERSION = YES;
				GCC_WARN_ABOUT_RETURN_TYPE = YES_ERROR;
				GCC_WARN_UNDECLARED_SELECTOR = YES;
				GCC_WARN_UNINITIALIZED_AUTOS = YES_AGGRESSIVE;
				GCC_WARN_UNUSED_FUNCTION = YES;
				GCC_WARN_UNUSED_VARIABLE = YES;
				IPHONEOS_DEPLOYMENT_TARGET = 17.2;
				LOCALIZATION_PREFERS_STRING_CATALOGS = YES;
				MTL_ENABLE_DEBUG_INFO = NO;
				MTL_FAST_MATH = YES;
				SDKROOT = iphoneos;
				SWIFT_COMPILATION_MODE = wholemodule;
				VALIDATE_PRODUCT = YES;
			};
			name = Release;
		};
		7DA1B5D72BB71E5300D54A41 /* Debug */ = {
			isa = XCBuildConfiguration;
			buildSettings = {
				ASSETCATALOG_COMPILER_APPICON_NAME = AppIcon;
				ASSETCATALOG_COMPILER_GLOBAL_ACCENT_COLOR_NAME = AccentColor;
				CODE_SIGN_STYLE = Automatic;
				CURRENT_PROJECT_VERSION = 1;
				DEVELOPMENT_ASSET_PATHS = "\"Color Lines Champion/Preview Content\"";
				DEVELOPMENT_TEAM = U35946W2F2;
				ENABLE_PREVIEWS = YES;
				GENERATE_INFOPLIST_FILE = YES;
				INFOPLIST_FILE = "Color-Lines-Champion-Info.plist";
				INFOPLIST_KEY_UIApplicationSceneManifest_Generation = YES;
				INFOPLIST_KEY_UIApplicationSupportsIndirectInputEvents = YES;
				INFOPLIST_KEY_UILaunchScreen_Generation = YES;
				INFOPLIST_KEY_UISupportedInterfaceOrientations_iPad = "UIInterfaceOrientationPortrait UIInterfaceOrientationPortraitUpsideDown UIInterfaceOrientationLandscapeLeft UIInterfaceOrientationLandscapeRight";
				INFOPLIST_KEY_UISupportedInterfaceOrientations_iPhone = "UIInterfaceOrientationPortrait UIInterfaceOrientationLandscapeLeft UIInterfaceOrientationLandscapeRight";
				LD_RUNPATH_SEARCH_PATHS = (
					"$(inherited)",
					"@executable_path/Frameworks",
				);
				MARKETING_VERSION = 1.0;
				PRODUCT_BUNDLE_IDENTIFIER = "practice.Color-Lines-Champion";
				PRODUCT_NAME = "$(TARGET_NAME)";
				SWIFT_EMIT_LOC_STRINGS = YES;
				SWIFT_VERSION = 5.0;
				TARGETED_DEVICE_FAMILY = "1,2";
			};
			name = Debug;
		};
		7DA1B5D82BB71E5300D54A41 /* Release */ = {
			isa = XCBuildConfiguration;
			buildSettings = {
				ASSETCATALOG_COMPILER_APPICON_NAME = AppIcon;
				ASSETCATALOG_COMPILER_GLOBAL_ACCENT_COLOR_NAME = AccentColor;
				CODE_SIGN_STYLE = Automatic;
				CURRENT_PROJECT_VERSION = 1;
				DEVELOPMENT_ASSET_PATHS = "\"Color Lines Champion/Preview Content\"";
				DEVELOPMENT_TEAM = U35946W2F2;
				ENABLE_PREVIEWS = YES;
				GENERATE_INFOPLIST_FILE = YES;
				INFOPLIST_FILE = "Color-Lines-Champion-Info.plist";
				INFOPLIST_KEY_UIApplicationSceneManifest_Generation = YES;
				INFOPLIST_KEY_UIApplicationSupportsIndirectInputEvents = YES;
				INFOPLIST_KEY_UILaunchScreen_Generation = YES;
				INFOPLIST_KEY_UISupportedInterfaceOrientations_iPad = "UIInterfaceOrientationPortrait UIInterfaceOrientationPortraitUpsideDown UIInterfaceOrientationLandscapeLeft UIInterfaceOrientationLandscapeRight";
				INFOPLIST_KEY_UISupportedInterfaceOrientations_iPhone = "UIInterfaceOrientationPortrait UIInterfaceOrientationLandscapeLeft UIInterfaceOrientationLandscapeRight";
				LD_RUNPATH_SEARCH_PATHS = (
					"$(inherited)",
					"@executable_path/Frameworks",
				);
				MARKETING_VERSION = 1.0;
				PRODUCT_BUNDLE_IDENTIFIER = "practice.Color-Lines-Champion";
				PRODUCT_NAME = "$(TARGET_NAME)";
				SWIFT_EMIT_LOC_STRINGS = YES;
				SWIFT_VERSION = 5.0;
				TARGETED_DEVICE_FAMILY = "1,2";
			};
			name = Release;
		};
/* End XCBuildConfiguration section */

/* Begin XCConfigurationList section */
		7DA1B5C32BB71E5100D54A41 /* Build configuration list for PBXProject "Color Lines Champion" */ = {
			isa = XCConfigurationList;
			buildConfigurations = (
				7DA1B5D42BB71E5300D54A41 /* Debug */,
				7DA1B5D52BB71E5300D54A41 /* Release */,
			);
			defaultConfigurationIsVisible = 0;
			defaultConfigurationName = Release;
		};
		7DA1B5D62BB71E5300D54A41 /* Build configuration list for PBXNativeTarget "Color Lines Champion" */ = {
			isa = XCConfigurationList;
			buildConfigurations = (
				7DA1B5D72BB71E5300D54A41 /* Debug */,
				7DA1B5D82BB71E5300D54A41 /* Release */,
			);
			defaultConfigurationIsVisible = 0;
			defaultConfigurationName = Release;
		};
/* End XCConfigurationList section */
	};
	rootObject = 7DA1B5C02BB71E5100D54A41 /* Project object */;
}
